Microsoft Visual Studio Solution File, Format Version 12.00
# Visual Studio Version 17
VisualStudioVersion = 17.5.2.0
MinimumVisualStudioVersion = 10.0.40219.1
Project("{FAE04EC0-301F-11D3-BF4B-00C04F79EFBC}") = "NetSpeedMonitor", "NetSpeedMonitor.csproj", "{EEA34976-A10A-F73F-7398-CEE4A5AD82C5}"
EndProject
Global
	GlobalSection(SolutionConfigurationPlatforms) = preSolution
		Debug|Any CPU = Debug|Any CPU
		Release|Any CPU = Release|Any CPU
	EndGlobalSection
	GlobalSection(ProjectConfigurationPlatforms) = postSolution
		{EEA34976-A10A-F73F-7398-CEE4A5AD82C5}.Debug|Any CPU.ActiveCfg = Debug|Any CPU
		{EEA34976-A10A-F73F-7398-CEE4A5AD82C5}.Debug|Any CPU.Build.0 = Debug|Any CPU
		{EEA34976-A10A-F73F-7398-CEE4A5AD82C5}.Release|Any CPU.ActiveCfg = Release|Any CPU
		{EEA34976-A10A-F73F-7398-CEE4A5AD82C5}.Release|Any CPU.Build.0 = Release|Any CPU
	EndGlobalSection
	GlobalSection(SolutionProperties) = preSolution
		HideSolutionNode = FALSE
	EndGlobalSection
	GlobalSection(ExtensibilityGlobals) = postSolution
		SolutionGuid = {FCDDF779-A4EA-4D7C-ACBB-99AEA13E118A}
	EndGlobalSection
EndGlobal
